<?xml version="1.0" encoding="utf-8"?>
<Project ToolsVersion="4.0" xmlns="http://schemas.microsoft.com/developer/msbuild/2003">
  <ItemGroup>
    <Filter Include="�w�b�_�[ �t�@�C��">
      <UniqueIdentifier>{93995380-89BD-4b04-88EB-625FBE52EBFB}</UniqueIdentifier>
      <Extensions>h;hh;hpp;hxx;h++;hm;inl;inc;ipp;xsd</Extensions>
    </Filter>
  </ItemGroup>
  <ItemGroup>
    <ClCompile Include="Application\Application.cpp" />
    <ClCompile Include="Scene\SceneSetting.cpp" />
    <ClCompile Include="Scene\SceneStageSelect.cpp" />
    <ClCompile Include="Util\AsoUtility.cpp" />
    <ClCompile Include="FPS\Fps.cpp" />
    <ClCompile Include="Manager\Input\InputManager.cpp" />
    <ClCompile Include="main.cpp" />
    <ClCompile Include="Manager\SceneManager.cpp" />
    <ClCompile Include="Player\Player.cpp" />
    <ClCompile Include="Scene\SceneClear.cpp" />
    <ClCompile Include="Scene\SceneGame.cpp" />
    <ClCompile Include="Scene\SceneTitle.cpp" />
    <ClCompile Include="Stage\Stage.cpp" />
    <ClCompile Include="Util\Fade.cpp" />
    <ClCompile Include="Util\Vector2F.cpp" />
  </ItemGroup>
  <ItemGroup>
    <ClInclude Include="Application\Application.h">
      <Filter>�w�b�_�[ �t�@�C��</Filter>
    </ClInclude>
    <ClInclude Include="FPS\Fps.h">
      <Filter>�w�b�_�[ �t�@�C��</Filter>
    </ClInclude>
    <ClInclude Include="Manager\SceneManager.h">
      <Filter>�w�b�_�[ �t�@�C��</Filter>
    </ClInclude>
    <ClInclude Include="Resource\FileSuper.h">
      <Filter>�w�b�_�[ �t�@�C��</Filter>
    </ClInclude>
    <ClInclude Include="Manager\FileManager.h">
      <Filter>�w�b�_�[ �t�@�C��</Filter>
    </ClInclude>
    <ClInclude Include="Manager\ResourceManager.h">
      <Filter>�w�b�_�[ �t�@�C��</Filter>
    </ClInclude>
    <ClInclude Include="Scene\SceneSuper.h">
      <Filter>�w�b�_�[ �t�@�C��</Filter>
    </ClInclude>
    <ClInclude Include="Scene\SceneTitle.h">
      <Filter>�w�b�_�[ �t�@�C��</Filter>
    </ClInclude>
    <ClInclude Include="Scene\SceneGame.h">
      <Filter>�w�b�_�[ �t�@�C��</Filter>
    </ClInclude>
    <ClInclude Include="Scene\SceneClear.h">
      <Filter>�w�b�_�[ �t�@�C��</Filter>
    </ClInclude>
    <ClInclude Include="Resource\ImageFile.h">
      <Filter>�w�b�_�[ �t�@�C��</Filter>
    </ClInclude>
    <ClInclude Include="Resource\SoundFile.h">
      <Filter>�w�b�_�[ �t�@�C��</Filter>
    </ClInclude>
    <ClInclude Include="Util\Rect.h">
      <Filter>�w�b�_�[ �t�@�C��</Filter>
    </ClInclude>
    <ClInclude Include="Util\Vector2.h">
      <Filter>�w�b�_�[ �t�@�C��</Filter>
    </ClInclude>
    <ClInclude Include="Util\Fade.h">
      <Filter>�w�b�_�[ �t�@�C��</Filter>
    </ClInclude>
    <ClInclude Include="Player\Player.h">
      <Filter>�w�b�_�[ �t�@�C��</Filter>
    </ClInclude>
    <ClInclude Include="Manager\Input\InputManager.h">
      <Filter>�w�b�_�[ �t�@�C��</Filter>
    </ClInclude>
    <ClInclude Include="Stage\Stage.h">
      <Filter>�w�b�_�[ �t�@�C��</Filter>
    </ClInclude>
    <ClInclude Include="Util\AsoUtility.h">
      <Filter>�w�b�_�[ �t�@�C��</Filter>
    </ClInclude>
    <ClInclude Include="Util\Vector2F.h">
      <Filter>�w�b�_�[ �t�@�C��</Filter>
    </ClInclude>
    <ClInclude Include="Scene\SceneStageSelect.h">
      <Filter>�w�b�_�[ �t�@�C��</Filter>
    </ClInclude>
    <ClInclude Include="Stage\StageScript\StageScriptSuper.h">
      <Filter>�w�b�_�[ �t�@�C��</Filter>
    </ClInclude>
    <ClInclude Include="Stage\StageConfig\StageConfig.h">
      <Filter>�w�b�_�[ �t�@�C��</Filter>
    </ClInclude>
    <ClInclude Include="Scene\SceneSetting.h">
      <Filter>�w�b�_�[ �t�%40�C��</Filter>
    </ClInclude>
    <ClInclude Include="Manager\BGMmanager.h">
      <Filter>�w�b�_�[ �t�%40�C��</Filter>
    </ClInclude>
  </ItemGroup>
  <ItemGroup>
    <Image Include="Image\GameClear.PNG" />
    <Image Include="Image\GameOver.PNG" />
    <Image Include="Image\ToiletPaper.PNG" />
  </ItemGroup>
  <ItemGroup>
    <None Include=".gitignore" />
    <None Include="README.md" />
  </ItemGroup>
  <ItemGroup>
    <Text Include="Log.txt" />
    <Text Include="mylog.txt" />
  </ItemGroup>
</Project>