<?xml version="1.0" encoding="utf-8"?>
<Project ToolsVersion="4.0" xmlns="http://schemas.microsoft.com/developer/msbuild/2003">
  <ItemGroup>
    <Filter Include=" w b _ [  t @ C  ">
      <UniqueIdentifier>{93995380-89BD-4b04-88EB-625FBE52EBFB}</UniqueIdentifier>
      <Extensions>h;hh;hpp;hxx;h++;hm;inl;inc;ipp;xsd</Extensions>
    </Filter>
  </ItemGroup>
  <ItemGroup>
    <ClCompile Include="Application\Application.cpp" />
    <ClCompile Include="Scene\SceneSetting.cpp" />
    <ClCompile Include="Scene\SceneStageSelect.cpp" />
    <ClCompile Include="Util\AsoUtility.cpp" />
    <ClCompile Include="Manager\Input\InputManager.cpp" />
    <ClCompile Include="main.cpp" />
    <ClCompile Include="Manager\SceneManager.cpp" />
    <ClCompile Include="Player\Player.cpp" />
    <ClCompile Include="Scene\SceneClear.cpp" />
    <ClCompile Include="Scene\SceneGame.cpp" />
    <ClCompile Include="Scene\SceneTitle.cpp" />
    <ClCompile Include="Stage\Stage.cpp" />
    <ClCompile Include="Util\Fade.cpp" />
    <ClCompile Include="Util\Vector2F.cpp" />
    <ClCompile Include="Stage\StageScript\Stage1Script.cpp" />
    <ClCompile Include="Stage\StageScript\Stage2Script.cpp" />
    <ClCompile Include="Stage\StageScript\Stage3Script.cpp" />
    <ClCompile Include="Stage\StageConfig\StageConfigTable.cpp" />
    <ClCompile Include="Scene\SceneGameOver.cpp" />
    <ClCompile Include="Gimmick\GimmickPuddle.cpp" />
    <ClCompile Include="Gimmick\GimmickWaterDrop.cpp" />
    <ClCompile Include="FPS\Fps.cpp" />
    <ClCompile Include="Gimmick\GimmickSplash.cpp" />
    <ClCompile Include="Gimmick\GimmickRain.cpp" />
    <ClCompile Include="Gimmick\RainManager.cpp" />
  </ItemGroup>
  <ItemGroup>
    <ClInclude Include="Application\Application.h">
      <Filter>w b _ [  t %40 C</Filter>
    </ClInclude>
    <ClInclude Include="FPS\Fps.h">
      <Filter>w b _ [  t %40 C</Filter>
    </ClInclude>
    <ClInclude Include="Gimmick\GimmickPuddle.h">
      <Filter>w b _ [  t %40 C</Filter>
    </ClInclude>
    <ClInclude Include="Gimmick\GimmickSuper.h">
      <Filter>w b _ [  t %40 C</Filter>
    </ClInclude>
    <ClInclude Include="Gimmick\GimmickWaterDrop.h">
      <Filter>w b _ [  t %40 C</Filter>
    </ClInclude>
    <ClInclude Include="Manager\BGMmanager.h">
      <Filter>w b _ [  t %40 C</Filter>
    </ClInclude>
    <ClInclude Include="Manager\FileManager.h">
      <Filter>w b _ [  t %40 C</Filter>
    </ClInclude>
    <ClInclude Include="Manager\Input\InputManager.h">
      <Filter>w b _ [  t %40 C</Filter>
    </ClInclude>
    <ClInclude Include="Manager\ResourceManager.h">
      <Filter>w b _ [  t %40 C</Filter>
    </ClInclude>
    <ClInclude Include="Manager\SceneManager.h">
      <Filter>w b _ [  t %40 C</Filter>
    </ClInclude>
    <ClInclude Include="Player\Player.h">
      <Filter>w b _ [  t %40 C</Filter>
    </ClInclude>
    <ClInclude Include="Resource\FileSuper.h">
      <Filter>w b _ [  t %40 C</Filter>
    </ClInclude>
    <ClInclude Include="Resource\ImageFile.h">
      <Filter>w b _ [  t %40 C</Filter>
    </ClInclude>
    <ClInclude Include="Resource\SoundFile.h">
      <Filter>w b _ [  t %40 C</Filter>
    </ClInclude>
    <ClInclude Include="Scene\SceneClear.h">
      <Filter>w b _ [  t %40 C</Filter>
    </ClInclude>
    <ClInclude Include="Scene\SceneGame.h">
      <Filter>w b _ [  t %40 C</Filter>
    </ClInclude>
    <ClInclude Include="Scene\SceneGameOver.h">
      <Filter>w b _ [  t %40 C</Filter>
    </ClInclude>
    <ClInclude Include="Scene\SceneSetting.h">
      <Filter>w b _ [  t %40 C</Filter>
    </ClInclude>
    <ClInclude Include="Scene\SceneStageSelect.h">
      <Filter>w b _ [  t %40 C</Filter>
    </ClInclude>
    <ClInclude Include="Scene\SceneSuper.h">
      <Filter>w b _ [  t %40 C</Filter>
    </ClInclude>
    <ClInclude Include="Scene\SceneTitle.h">
      <Filter>w b _ [  t %40 C</Filter>
    </ClInclude>
    <ClInclude Include="Stage\Stage.h">
      <Filter>w b _ [  t %40 C</Filter>
    </ClInclude>
    <ClInclude Include="Stage\StageConfig\StageConfig.h">
      <Filter>w b _ [  t %40 C</Filter>
    </ClInclude>
    <ClInclude Include="Stage\StageConfig\StageConfigTable.h">
      <Filter>w b _ [  t %40 C</Filter>
    </ClInclude>
    <ClInclude Include="Stage\StageScript\Stage1Script.h">
      <Filter>w b _ [  t %40 C</Filter>
    </ClInclude>
    <ClInclude Include="Stage\StageScript\Stage2Script.h">
      <Filter>w b _ [  t %40 C</Filter>
    </ClInclude>
    <ClInclude Include="Stage\StageScript\Stage3Script.h">
      <Filter>w b _ [  t %40 C</Filter>
    </ClInclude>
    <ClInclude Include="Stage\StageScript\StageScriptSuper.h">
      <Filter>w b _ [  t %40 C</Filter>
    </ClInclude>
    <ClInclude Include="Util\AsoUtility.h">
      <Filter>w b _ [  t %40 C</Filter>
    </ClInclude>
    <ClInclude Include="Util\Fade.h">
      <Filter>w b _ [  t %40 C</Filter>
    </ClInclude>
    <ClInclude Include="Util\Rect.h">
      <Filter>w b _ [  t %40 C</Filter>
    </ClInclude>
    <ClInclude Include="Util\Vector2.h">
      <Filter>w b _ [  t %40 C</Filter>
    </ClInclude>
    <ClInclude Include="Util\Vector2F.h">
      <Filter>w b _ [  t %40 C</Filter>
    </ClInclude>
    <ClInclude Include="Gimmick\Fps.h">
      <Filter>w b _ [  t %40 C</Filter>
    </ClInclude>
    <ClInclude Include="Gimmick\GimmickSplash.h">
      <Filter>w b _ [  t %40 C</Filter>
    </ClInclude>
    <ClInclude Include="Gimmick\RainManager.h">
      <Filter>w b _ [  t %40 C</Filter>
    </ClInclude>
    <ClInclude Include="Gimmick\GimmickRain.h">
      <Filter>w b _ [  t %40 C</Filter>
    </ClInclude>
  </ItemGroup>
  <ItemGroup>
    <Image Include="Image\GameClear.PNG" />
    <Image Include="Image\GameOver.PNG" />
    <Image Include="Image\ToiletPaper.PNG" />
    <Image Include="Image\GameCliar.PNG" />
    <Image Include="Image\GameTitle.PNG" />
    <Image Include="Image\Baketu.png" />
    <Image Include="Image\Enji.chaild.png" />
    <Image Include="Image\GoalMan.png" />
    <Image Include="Image\Jyaguti .png" />
    <Image Include="Image\mizu.png" />
    <Image Include="Image\mizu2.png" />
    <Image Include="Image\mizushibuki (1).png" />
    <Image Include="Image\Mizushibuki.png" />
    <Image Include="Image\mizushibuki2.png" />
    <Image Include="Image\Score.png" />
    <Image Include="Image\toileroom.png" />
    <Image Include="Image\toilet_animation.png" />
    <Image Include="Image\toiletpaper2.png" />
    <Image Include="Image\toiletpaper3.png" />
    <Image Include="Image\toiletpaper4.png" />
    <Image Include="Image\ToiletPaperYogore.PNG" />
    <Image Include="Image\ToiletPaperYogore2.PNG" />
    <Image Include="Image\ToiletPaperYogore3.PNG" />
    <Image Include="Image\Haneterumizu.png" />
    <Image Include="Image\Toiletpaper.png.png" />
    <Image Include="Image\Toiletpaper2.png.png" />
    <Image Include="Image\Toiletpaper3.png.png" />
    <Image Include="Image\Toiletpaper4.png.png" />
    <Image Include="Image\block_rock.png" />
  </ItemGroup>
  <ItemGroup>
    <None Include=".gitignore" />
    <None Include="README.md" />
    <None Include="Data\stage1.csv" />
    <None Include="Data\stage2.csv" />
  </ItemGroup>
  <ItemGroup>
    <Text Include="Log.txt" />
    <Text Include="mylog.txt" />
    <Text Include="x64\Debug\AGS Summer.Build.CppClean.log" />
    <Text Include="x64\Debug\AGS Summer.log" />
    <Text Include="x64\Debug\AGS Summer.vcxproj.FileListAbsolute.txt" />
  </ItemGroup>
  <ItemGroup>
    <Media Include="Image\sound\jump03.mp3" />
    <Media Include="Image\sound\Level up! Ragnarok.mp3" />
    <Media Include="Image\sound\powerdown07.mp3" />
  </ItemGroup>
  <ItemGroup>
    <Object Include="x64\Debug\Application.obj" />
    <Object Include="x64\Debug\AsoUtility.obj" />
    <Object Include="x64\Debug\Fade.obj" />
    <Object Include="x64\Debug\Fps.obj" />
    <Object Include="x64\Debug\GimmickWaterDrop.obj" />
    <Object Include="x64\Debug\InputManager.obj" />
    <Object Include="x64\Debug\main.obj" />
    <Object Include="x64\Debug\Player.obj" />
    <Object Include="x64\Debug\SceneClear.obj" />
    <Object Include="x64\Debug\SceneGame.obj" />
    <Object Include="x64\Debug\SceneGameOver.obj" />
    <Object Include="x64\Debug\SceneManager.obj" />
    <Object Include="x64\Debug\SceneSetting.obj" />
    <Object Include="x64\Debug\SceneStageSelect.obj" />
    <Object Include="x64\Debug\SceneTitle.obj" />
    <Object Include="x64\Debug\Stage.obj" />
    <Object Include="x64\Debug\Stage1Script.obj" />
    <Object Include="x64\Debug\Stage2Script.obj" />
    <Object Include="x64\Debug\Stage3Script.obj" />
    <Object Include="x64\Debug\StageConfigTable.obj" />
    <Object Include="x64\Debug\Vector2F.obj" />
  </ItemGroup>
</Project>